<?xml version="1.0" encoding="utf-8"?>
<Project ToolsVersion="4.0" xmlns="http://schemas.microsoft.com/developer/msbuild/2003">
  <ItemGroup>
    <Filter Include="Base">
      <UniqueIdentifier>{93995380-89BD-4b04-88EB-625FBE52EBFB}</UniqueIdentifier>
      <Extensions>h;hh;hpp;hxx;hm;inl;inc;ipp;xsd</Extensions>
    </Filter>
    <Filter Include="GameFiles">
      <UniqueIdentifier>{4FC737F1-C7A5-4376-A066-2A32D752A2FF}</UniqueIdentifier>
      <Extensions>cpp;c;cc;cxx;def;odl;idl;hpj;bat;asm;asmx</Extensions>
    </Filter>
    <Filter Include="GameFiles\TestScenes">
      <UniqueIdentifier>{7532919e-2277-483a-8917-88c50911069f}</UniqueIdentifier>
    </Filter>
    <Filter Include="GameFiles\GameScenes">
      <UniqueIdentifier>{62c9e79f-4d9d-45c1-bcb5-07e1d019dacb}</UniqueIdentifier>
    </Filter>
    <Filter Include="GameFiles\Prefabs">
      <UniqueIdentifier>{bbd0d2a7-ce7d-4ed3-b600-4ffcccb0b37e}</UniqueIdentifier>
    </Filter>
  </ItemGroup>
  <ItemGroup>
    <ClInclude Include="pch.h">
      <Filter>Base</Filter>
    </ClInclude>
    <ClInclude Include="FPSTestScene.h">
      <Filter>GameFiles\TestScenes</Filter>
    </ClInclude>
    <ClInclude Include="SpriteTestScene.h">
      <Filter>GameFiles\TestScenes</Filter>
    </ClInclude>
    <ClInclude Include="TerrainTestScene.h">
      <Filter>GameFiles\TestScenes</Filter>
    </ClInclude>
    <ClInclude Include="CharacterDigDug.h">
      <Filter>GameFiles\Prefabs</Filter>
    </ClInclude>
    <ClInclude Include="MainGame.h">
      <Filter>Base</Filter>
    </ClInclude>
    <ClInclude Include="CharacterFygar.h">
      <Filter>GameFiles\Prefabs</Filter>
    </ClInclude>
    <ClInclude Include="CharacterPooka.h">
      <Filter>GameFiles\Prefabs</Filter>
    </ClInclude>
    <ClInclude Include="IngameScene.h">
      <Filter>GameFiles\GameScenes</Filter>
    </ClInclude>
    <ClInclude Include="Rock.h">
      <Filter>GameFiles\Prefabs</Filter>
    </ClInclude>
    <ClInclude Include="DigDugPump.h">
      <Filter>GameFiles\Prefabs</Filter>
    </ClInclude>
    <ClInclude Include="EnemyCharacter.h">
      <Filter>GameFiles\Prefabs</Filter>
    </ClInclude>
  </ItemGroup>
  <ItemGroup>
    <ClCompile Include="pch.cpp">
      <Filter>Base</Filter>
    </ClCompile>
    <ClCompile Include="FPSTestScene.cpp">
      <Filter>GameFiles\TestScenes</Filter>
    </ClCompile>
    <ClCompile Include="SpriteTestScene.cpp">
      <Filter>GameFiles\TestScenes</Filter>
    </ClCompile>
    <ClCompile Include="TerrainTestScene.cpp">
      <Filter>GameFiles\TestScenes</Filter>
    </ClCompile>
    <ClCompile Include="CharacterDigDug.cpp">
      <Filter>GameFiles\Prefabs</Filter>
    </ClCompile>
    <ClCompile Include="MainGame.cpp">
      <Filter>Base</Filter>
    </ClCompile>
    <ClCompile Include="main.cpp">
      <Filter>Base</Filter>
    </ClCompile>
    <ClCompile Include="CharacterFygar.cpp">
      <Filter>GameFiles\Prefabs</Filter>
    </ClCompile>
    <ClCompile Include="CharacterPooka.cpp">
      <Filter>GameFiles\Prefabs</Filter>
    </ClCompile>
    <ClCompile Include="IngameScene.cpp">
      <Filter>GameFiles\GameScenes</Filter>
    </ClCompile>
    <ClCompile Include="Rock.cpp">
      <Filter>GameFiles\Prefabs</Filter>
    </ClCompile>
    <ClCompile Include="DigDugPump.cpp">
      <Filter>GameFiles\Prefabs</Filter>
    </ClCompile>
    <ClCompile Include="EnemyCharacter.cpp">
      <Filter>GameFiles\Prefabs</Filter>
    </ClCompile>
  </ItemGroup>
</Project>